
Microsoft Visual Studio Solution File, Format Version 12.00
# Visual Studio Version 17
VisualStudioVersion = 17.7.34302.85
MinimumVisualStudioVersion = 10.0.40219.1
Project("{9A19103F-16F7-4668-BE54-9A1E7A4F7556}") = "DealerAUTO", "DealerAUTO\DealerAUTO.csproj", "{3FE53F3C-F075-4398-9E5B-652588775BA1}"
EndProject
Project("{FAE04EC0-301F-11D3-BF4B-00C04F79EFBC}") = "DealerAUTO.DTO", "DealerAUTO.DTO\DealerAUTO.DTO.csproj", "{92D88D2C-A0BD-4E6E-AC2C-BCD4EDDDA822}"
EndProject
Project("{FAE04EC0-301F-11D3-BF4B-00C04F79EFBC}") = "DealerAUTO.Repository", "DealerAUTO.Repository\DealerAUTO.Repository.csproj", "{329CE094-B49D-4863-9296-5EDC1CF603B8}"
EndProject
Project("{FAE04EC0-301F-11D3-BF4B-00C04F79EFBC}") = "DealerAUTO.Service", "DealerAUTO.Service\DealerAUTO.Service.csproj", "{3B1B4E40-8EA6-4DED-ACBC-37C51948D9C1}"
EndProject
Global
	GlobalSection(SolutionConfigurationPlatforms) = preSolution
		Debug|Any CPU = Debug|Any CPU
		Release|Any CPU = Release|Any CPU
	EndGlobalSection
	GlobalSection(ProjectConfigurationPlatforms) = postSolution
		{3FE53F3C-F075-4398-9E5B-652588775BA1}.Debug|Any CPU.ActiveCfg = Debug|Any CPU
		{3FE53F3C-F075-4398-9E5B-652588775BA1}.Debug|Any CPU.Build.0 = Debug|Any CPU
		{3FE53F3C-F075-4398-9E5B-652588775BA1}.Release|Any CPU.ActiveCfg = Release|Any CPU
		{3FE53F3C-F075-4398-9E5B-652588775BA1}.Release|Any CPU.Build.0 = Release|Any CPU
		{92D88D2C-A0BD-4E6E-AC2C-BCD4EDDDA822}.Debug|Any CPU.ActiveCfg = Debug|Any CPU
		{92D88D2C-A0BD-4E6E-AC2C-BCD4EDDDA822}.Debug|Any CPU.Build.0 = Debug|Any CPU
		{92D88D2C-A0BD-4E6E-AC2C-BCD4EDDDA822}.Release|Any CPU.ActiveCfg = Release|Any CPU
		{92D88D2C-A0BD-4E6E-AC2C-BCD4EDDDA822}.Release|Any CPU.Build.0 = Release|Any CPU
		{329CE094-B49D-4863-9296-5EDC1CF603B8}.Debug|Any CPU.ActiveCfg = Debug|Any CPU
		{329CE094-B49D-4863-9296-5EDC1CF603B8}.Debug|Any CPU.Build.0 = Debug|Any CPU
		{329CE094-B49D-4863-9296-5EDC1CF603B8}.Release|Any CPU.ActiveCfg = Release|Any CPU
		{329CE094-B49D-4863-9296-5EDC1CF603B8}.Release|Any CPU.Build.0 = Release|Any CPU
		{3B1B4E40-8EA6-4DED-ACBC-37C51948D9C1}.Debug|Any CPU.ActiveCfg = Debug|Any CPU
		{3B1B4E40-8EA6-4DED-ACBC-37C51948D9C1}.Debug|Any CPU.Build.0 = Debug|Any CPU
		{3B1B4E40-8EA6-4DED-ACBC-37C51948D9C1}.Release|Any CPU.ActiveCfg = Release|Any CPU
		{3B1B4E40-8EA6-4DED-ACBC-37C51948D9C1}.Release|Any CPU.Build.0 = Release|Any CPU
	EndGlobalSection
	GlobalSection(SolutionProperties) = preSolution
		HideSolutionNode = FALSE
	EndGlobalSection
	GlobalSection(ExtensibilityGlobals) = postSolution
		SolutionGuid = {6C5F625C-D18E-4D7A-8ABF-D48C66DE67BC}
	EndGlobalSection
EndGlobal
